{
  "name": "frontend",
  "version": "0.1.0",
  "lockfileVersion": 1,
  "requires": true,
  "dependencies": {
    "detect-browser": {
      "version": "3.0.0",
      "resolved": "https://registry.npmjs.org/detect-browser/-/detect-browser-3.0.0.tgz",
      "integrity": "sha512-ykq76dexT6GiaHuaQxJ7Cd0B/xe/8VDLCpaWw4qCWKhWV/zjdY7r7BByBGNcgTlruOEyzFf0q1AAX7/yWeep8g=="
    }
  }
}
